
Microsoft Visual Studio Solution File, Format Version 12.00
# Visual Studio Version 17
VisualStudioVersion = 17.7.34003.232
MinimumVisualStudioVersion = 10.0.40219.1
Project("{8BC9CEB8-8B4A-11D0-8D11-00A0C91BC942}") = "stack implementation", "stack implementation.vcxproj", "{34A7F1B6-47FF-4589-A7AA-97F06E056C5D}"
EndProject
Project("{8BC9CEB8-8B4A-11D0-8D11-00A0C91BC942}") = "queue implementation", "..\queue implementation\queue implementation.vcxproj", "{12EEDDD4-C37D-4844-976E-7827C4732CA9}"
EndProject
Project("{8BC9CEB8-8B4A-11D0-8D11-00A0C91BC942}") = "TEST", "..\TEST\TEST.vcxproj", "{83E702CD-2D06-487A-8DF0-7EE7F37FBBF8}"
EndProject
Project("{8BC9CEB8-8B4A-11D0-8D11-00A0C91BC942}") = "creating class Tiles", "..\creating class Tiles\creating class Tiles.vcxproj", "{C2737AD8-59AB-4F1E-B1BD-E7CC44734DD5}"
EndProject
Project("{8BC9CEB8-8B4A-11D0-8D11-00A0C91BC942}") = "transposition array class", "..\transposition array class\transposition array class.vcxproj", "{AA776802-CA40-4F0C-9F7B-E891FAED4813}"
EndProject
Global
	GlobalSection(SolutionConfigurationPlatforms) = preSolution
		Debug|x64 = Debug|x64
		Debug|x86 = Debug|x86
		Release|x64 = Release|x64
		Release|x86 = Release|x86
	EndGlobalSection
	GlobalSection(ProjectConfigurationPlatforms) = postSolution
		{34A7F1B6-47FF-4589-A7AA-97F06E056C5D}.Debug|x64.ActiveCfg = Debug|x64
		{34A7F1B6-47FF-4589-A7AA-97F06E056C5D}.Debug|x64.Build.0 = Debug|x64
		{34A7F1B6-47FF-4589-A7AA-97F06E056C5D}.Debug|x86.ActiveCfg = Debug|Win32
		{34A7F1B6-47FF-4589-A7AA-97F06E056C5D}.Debug|x86.Build.0 = Debug|Win32
		{34A7F1B6-47FF-4589-A7AA-97F06E056C5D}.Release|x64.ActiveCfg = Release|x64
		{34A7F1B6-47FF-4589-A7AA-97F06E056C5D}.Release|x64.Build.0 = Release|x64
		{34A7F1B6-47FF-4589-A7AA-97F06E056C5D}.Release|x86.ActiveCfg = Release|Win32
		{34A7F1B6-47FF-4589-A7AA-97F06E056C5D}.Release|x86.Build.0 = Release|Win32
		{12EEDDD4-C37D-4844-976E-7827C4732CA9}.Debug|x64.ActiveCfg = Debug|x64
		{12EEDDD4-C37D-4844-976E-7827C4732CA9}.Debug|x64.Build.0 = Debug|x64
		{12EEDDD4-C37D-4844-976E-7827C4732CA9}.Debug|x86.ActiveCfg = Debug|Win32
		{12EEDDD4-C37D-4844-976E-7827C4732CA9}.Debug|x86.Build.0 = Debug|Win32
		{12EEDDD4-C37D-4844-976E-7827C4732CA9}.Release|x64.ActiveCfg = Release|x64
		{12EEDDD4-C37D-4844-976E-7827C4732CA9}.Release|x64.Build.0 = Release|x64
		{12EEDDD4-C37D-4844-976E-7827C4732CA9}.Release|x86.ActiveCfg = Release|Win32
		{12EEDDD4-C37D-4844-976E-7827C4732CA9}.Release|x86.Build.0 = Release|Win32
		{83E702CD-2D06-487A-8DF0-7EE7F37FBBF8}.Debug|x64.ActiveCfg = Debug|x64
		{83E702CD-2D06-487A-8DF0-7EE7F37FBBF8}.Debug|x64.Build.0 = Debug|x64
		{83E702CD-2D06-487A-8DF0-7EE7F37FBBF8}.Debug|x86.ActiveCfg = Debug|Win32
		{83E702CD-2D06-487A-8DF0-7EE7F37FBBF8}.Debug|x86.Build.0 = Debug|Win32
		{83E702CD-2D06-487A-8DF0-7EE7F37FBBF8}.Release|x64.ActiveCfg = Release|x64
		{83E702CD-2D06-487A-8DF0-7EE7F37FBBF8}.Release|x64.Build.0 = Release|x64
		{83E702CD-2D06-487A-8DF0-7EE7F37FBBF8}.Release|x86.ActiveCfg = Release|Win32
		{83E702CD-2D06-487A-8DF0-7EE7F37FBBF8}.Release|x86.Build.0 = Release|Win32
		{C2737AD8-59AB-4F1E-B1BD-E7CC44734DD5}.Debug|x64.ActiveCfg = Debug|x64
		{C2737AD8-59AB-4F1E-B1BD-E7CC44734DD5}.Debug|x64.Build.0 = Debug|x64
		{C2737AD8-59AB-4F1E-B1BD-E7CC44734DD5}.Debug|x86.ActiveCfg = Debug|Win32
		{C2737AD8-59AB-4F1E-B1BD-E7CC44734DD5}.Debug|x86.Build.0 = Debug|Win32
		{C2737AD8-59AB-4F1E-B1BD-E7CC44734DD5}.Release|x64.ActiveCfg = Release|x64
		{C2737AD8-59AB-4F1E-B1BD-E7CC44734DD5}.Release|x64.Build.0 = Release|x64
		{C2737AD8-59AB-4F1E-B1BD-E7CC44734DD5}.Release|x86.ActiveCfg = Release|Win32
		{C2737AD8-59AB-4F1E-B1BD-E7CC44734DD5}.Release|x86.Build.0 = Release|Win32
		{AA776802-CA40-4F0C-9F7B-E891FAED4813}.Debug|x64.ActiveCfg = Debug|x64
		{AA776802-CA40-4F0C-9F7B-E891FAED4813}.Debug|x64.Build.0 = Debug|x64
		{AA776802-CA40-4F0C-9F7B-E891FAED4813}.Debug|x86.ActiveCfg = Debug|Win32
		{AA776802-CA40-4F0C-9F7B-E891FAED4813}.Debug|x86.Build.0 = Debug|Win32
		{AA776802-CA40-4F0C-9F7B-E891FAED4813}.Release|x64.ActiveCfg = Release|x64
		{AA776802-CA40-4F0C-9F7B-E891FAED4813}.Release|x64.Build.0 = Release|x64
		{AA776802-CA40-4F0C-9F7B-E891FAED4813}.Release|x86.ActiveCfg = Release|Win32
		{AA776802-CA40-4F0C-9F7B-E891FAED4813}.Release|x86.Build.0 = Release|Win32
	EndGlobalSection
	GlobalSection(SolutionProperties) = preSolution
		HideSolutionNode = FALSE
	EndGlobalSection
	GlobalSection(ExtensibilityGlobals) = postSolution
		SolutionGuid = {618D4C4B-AD21-4663-99FD-06A97E2753C5}
	EndGlobalSection
EndGlobal
